
Microsoft Visual Studio Solution File, Format Version 12.00
# Visual Studio Version 16
VisualStudioVersion = 16.6.30114.105
MinimumVisualStudioVersion = 10.0.40219.1
Project("{9A19103F-16F7-4668-BE54-9A1E7A4F7556}") = "PPBL", "PPBL\PPBL.csproj", "{E8A00FD8-8300-42D9-B048-AE568377982A}"
EndProject
Project("{9A19103F-16F7-4668-BE54-9A1E7A4F7556}") = "PPModels", "PPModels\PPModels.csproj", "{3F56837E-4DEE-4AFE-92FC-8B9C71F0A252}"
EndProject
Project("{FAE04EC0-301F-11D3-BF4B-00C04F79EFBC}") = "PPWebUI", "PPWebUI\PPWebUI.csproj", "{AE69C708-0BB2-4231-868A-944B4AD90E19}"
EndProject
Project("{9A19103F-16F7-4668-BE54-9A1E7A4F7556}") = "PPDL", "PPDL\PPDL.csproj", "{B047DDF5-C232-4835-BEC0-1A66227B6C27}"
EndProject
Global
	GlobalSection(SolutionConfigurationPlatforms) = preSolution
		Debug|Any CPU = Debug|Any CPU
		Release|Any CPU = Release|Any CPU
	EndGlobalSection
	GlobalSection(ProjectConfigurationPlatforms) = postSolution
		{E8A00FD8-8300-42D9-B048-AE568377982A}.Debug|Any CPU.ActiveCfg = Debug|Any CPU
		{E8A00FD8-8300-42D9-B048-AE568377982A}.Debug|Any CPU.Build.0 = Debug|Any CPU
		{E8A00FD8-8300-42D9-B048-AE568377982A}.Release|Any CPU.ActiveCfg = Release|Any CPU
		{E8A00FD8-8300-42D9-B048-AE568377982A}.Release|Any CPU.Build.0 = Release|Any CPU
		{3F56837E-4DEE-4AFE-92FC-8B9C71F0A252}.Debug|Any CPU.ActiveCfg = Debug|Any CPU
		{3F56837E-4DEE-4AFE-92FC-8B9C71F0A252}.Debug|Any CPU.Build.0 = Debug|Any CPU
		{3F56837E-4DEE-4AFE-92FC-8B9C71F0A252}.Release|Any CPU.ActiveCfg = Release|Any CPU
		{3F56837E-4DEE-4AFE-92FC-8B9C71F0A252}.Release|Any CPU.Build.0 = Release|Any CPU
		{AE69C708-0BB2-4231-868A-944B4AD90E19}.Debug|Any CPU.ActiveCfg = Debug|Any CPU
		{AE69C708-0BB2-4231-868A-944B4AD90E19}.Debug|Any CPU.Build.0 = Debug|Any CPU
		{AE69C708-0BB2-4231-868A-944B4AD90E19}.Release|Any CPU.ActiveCfg = Release|Any CPU
		{AE69C708-0BB2-4231-868A-944B4AD90E19}.Release|Any CPU.Build.0 = Release|Any CPU
		{B047DDF5-C232-4835-BEC0-1A66227B6C27}.Debug|Any CPU.ActiveCfg = Debug|Any CPU
		{B047DDF5-C232-4835-BEC0-1A66227B6C27}.Debug|Any CPU.Build.0 = Debug|Any CPU
		{B047DDF5-C232-4835-BEC0-1A66227B6C27}.Release|Any CPU.ActiveCfg = Release|Any CPU
		{B047DDF5-C232-4835-BEC0-1A66227B6C27}.Release|Any CPU.Build.0 = Release|Any CPU
	EndGlobalSection
	GlobalSection(SolutionProperties) = preSolution
		HideSolutionNode = FALSE
	EndGlobalSection
	GlobalSection(ExtensibilityGlobals) = postSolution
		SolutionGuid = {BDA18389-894E-4C24-A973-1DD823E5CCF7}
	EndGlobalSection
EndGlobal
